
Microsoft Visual Studio Solution File, Format Version 12.00
# Visual Studio 15
VisualStudioVersion = 15.0.28307.168
MinimumVisualStudioVersion = 10.0.40219.1
Project("{FAE04EC0-301F-11D3-BF4B-00C04F79EFBC}") = "MyMegaMediaPlayer", "MyMegaMediaPlayer\MyMegaMediaPlayer.csproj", "{65C66D00-A6D5-49B3-B22B-15E191B8D84E}"
EndProject
Global
	GlobalSection(SolutionConfigurationPlatforms) = preSolution
		Debug|Any CPU = Debug|Any CPU
		Release|Any CPU = Release|Any CPU
	EndGlobalSection
	GlobalSection(ProjectConfigurationPlatforms) = postSolution
		{65C66D00-A6D5-49B3-B22B-15E191B8D84E}.Debug|Any CPU.ActiveCfg = Debug|Any CPU
		{65C66D00-A6D5-49B3-B22B-15E191B8D84E}.Debug|Any CPU.Build.0 = Debug|Any CPU
		{65C66D00-A6D5-49B3-B22B-15E191B8D84E}.Release|Any CPU.ActiveCfg = Release|Any CPU
		{65C66D00-A6D5-49B3-B22B-15E191B8D84E}.Release|Any CPU.Build.0 = Release|Any CPU
	EndGlobalSection
	GlobalSection(SolutionProperties) = preSolution
		HideSolutionNode = FALSE
	EndGlobalSection
	GlobalSection(ExtensibilityGlobals) = postSolution
		SolutionGuid = {82AE35FF-E65A-448D-A3CA-59755C76C3D6}
	EndGlobalSection
EndGlobal
